github.com/gorilla/websocket v1.4.1 h1:q7AeDBpnBk8AogcD4DSag/Ukw/KV+YhzLj2bP5HvKCM=
github.com/gorilla/websocket v1.4.1/go.mod h1:YR8l580nyteQvAITg2hZ9XVh4b55+EU/adAjf1fMHhE=
github.com/krotik/common v1.4.4/go.mod h1:Ti5yTPm8lyOwgllpNNc0bFutiZ3nRu49QbSQCbjEaB0=
github.com/krotik/common v1.5.1 h1:WkX2ewJjm4gma1wg34tDvaR4PM9FhIgfD1mvoHGoK4M=
github.com/krotik/common v1.5.1/go.mod h1:Ti5yTPm8lyOwgllpNNc0bFutiZ3nRu49QbSQCbjEaB0=
github.com/krotik/ecal v1.6.3 h1:HKJPB6Y3uCEcVNpSZsm2Jfo8RRgfBBS8HR69yMBZJ20=
github.com/krotik/ecal v1.6.3/go.mod h1:ULSgiGqiCxGtJKicRQKW8Unt6CeeCSYQ4i7fDdRFf3Q=
